// !$*UTF8*$!
{
	archiveVersion = 1;
	classes = {
	};
	objectVersion = 48;
	objects = {

/* Begin PBXBuildFile section */
		8A3C61C620C025500096BBA4 /* AppDelegate.swift in Sources */ = {isa = PBXBuildFile; fileRef = 8A3C61C520C025500096BBA4 /* AppDelegate.swift */; };
		8A3C61C820C025500096BBA4 /* ViewController.swift in Sources */ = {isa = PBXBuildFile; fileRef = 8A3C61C720C025500096BBA4 /* ViewController.swift */; };
		8A3C61CB20C025500096BBA4 /* Main.storyboard in Resources */ = {isa = PBXBuildFile; fileRef = 8A3C61C920C025500096BBA4 /* Main.storyboard */; };
		8A3C61CD20C025500096BBA4 /* Assets.xcassets in Resources */ = {isa = PBXBuildFile; fileRef = 8A3C61CC20C025500096BBA4 /* Assets.xcassets */; };
		8A3C61D020C025500096BBA4 /* LaunchScreen.storyboard in Resources */ = {isa = PBXBuildFile; fileRef = 8A3C61CE20C025500096BBA4 /* LaunchScreen.storyboard */; };
		8A3C61DB20C025500096BBA4 /* CustomBackButtonExampleTests.swift in Sources */ = {isa = PBXBuildFile; fileRef = 8A3C61DA20C025500096BBA4 /* CustomBackButtonExampleTests.swift */; };
		8A3C61E620C025510096BBA4 /* CustomBackButtonExampleUITests.swift in Sources */ = {isa = PBXBuildFile; fileRef = 8A3C61E520C025510096BBA4 /* CustomBackButtonExampleUITests.swift */; };
/* End PBXBuildFile section */

/* Begin PBXContainerItemProxy section */
		8A3C61D720C025500096BBA4 /* PBXContainerItemProxy */ = {
			isa = PBXContainerItemProxy;
			containerPortal = 8A3C61BA20C025500096BBA4 /* Project object */;
			proxyType = 1;
			remoteGlobalIDString = 8A3C61C120C025500096BBA4;
			remoteInfo = CustomBackButtonExample;
		};
		8A3C61E220C025510096BBA4 /* PBXContainerItemProxy */ = {
			isa = PBXContainerItemProxy;
			containerPortal = 8A3C61BA20C025500096BBA4 /* Project object */;
			proxyType = 1;
			remoteGlobalIDString = 8A3C61C120C025500096BBA4;
			remoteInfo = CustomBackButtonExample;
		};
/* End PBXContainerItemProxy section */

/* Begin PBXFileReference section */
		8A3C61C220C025500096BBA4 /* CustomBackButtonExample.app */ = {isa = PBXFileReference; explicitFileType = wrapper.application; includeInIndex = 0; path = CustomBackButtonExample.app; sourceTree = BUILT_PRODUCTS_DIR; };
		8A3C61C520C025500096BBA4 /* AppDelegate.swift */ = {isa = PBXFileReference; lastKnownFileType = sourcecode.swift; path = AppDelegate.swift; sourceTree = "<group>"; };
		8A3C61C720C025500096BBA4 /* ViewController.swift */ = {isa = PBXFileReference; lastKnownFileType = sourcecode.swift; path = ViewController.swift; sourceTree = "<group>"; };
		8A3C61CA20C025500096BBA4 /* Base */ = {isa = PBXFileReference; lastKnownFileType = file.storyboard; name = Base; path = Base.lproj/Main.storyboard; sourceTree = "<group>"; };
		8A3C61CC20C025500096BBA4 /* Assets.xcassets */ = {isa = PBXFileReference; lastKnownFileType = folder.assetcatalog; path = Assets.xcassets; sourceTree = "<group>"; };
		8A3C61CF20C025500096BBA4 /* Base */ = {isa = PBXFileReference; lastKnownFileType = file.storyboard; name = Base; path = Base.lproj/LaunchScreen.storyboard; sourceTree = "<group>"; };
		8A3C61D120C025500096BBA4 /* Info.plist */ = {isa = PBXFileReference; lastKnownFileType = text.plist.xml; path = Info.plist; sourceTree = "<group>"; };
		8A3C61D620C025500096BBA4 /* CustomBackButtonExampleTests.xctest */ = {isa = PBXFileReference; explicitFileType = wrapper.cfbundle; includeInIndex = 0; path = CustomBackButtonExampleTests.xctest; sourceTree = BUILT_PRODUCTS_DIR; };
		8A3C61DA20C025500096BBA4 /* CustomBackButtonExampleTests.swift */ = {isa = PBXFileReference; lastKnownFileType = sourcecode.swift; path = CustomBackButtonExampleTests.swift; sourceTree = "<group>"; };
		8A3C61DC20C025500096BBA4 /* Info.plist */ = {isa = PBXFileReference; lastKnownFileType = text.plist.xml; path = Info.plist; sourceTree = "<group>"; };
		8A3C61E120C025510096BBA4 /* CustomBackButtonExampleUITests.xctest */ = {isa = PBXFileReference; explicitFileType = wrapper.cfbundle; includeInIndex = 0; path = CustomBackButtonExampleUITests.xctest; sourceTree = BUILT_PRODUCTS_DIR; };
		8A3C61E520C025510096BBA4 /* CustomBackButtonExampleUITests.swift */ = {isa = PBXFileReference; lastKnownFileType = sourcecode.swift; path = CustomBackButtonExampleUITests.swift; sourceTree = "<group>"; };
		8A3C61E720C025510096BBA4 /* Info.plist */ = {isa = PBXFileReference; lastKnownFileType = text.plist.xml; path = Info.plist; sourceTree = "<group>"; };
/* End PBXFileReference section */

/* Begin PBXFrameworksBuildPhase section */
		8A3C61BF20C025500096BBA4 /* Frameworks */ = {
			isa = PBXFrameworksBuildPhase;
			buildActionMask = 2147483647;
			files = (
			);
			runOnlyForDeploymentPostprocessing = 0;
		};
		8A3C61D320C025500096BBA4 /* Frameworks */ = {
			isa = PBXFrameworksBuildPhase;
			buildActionMask = 2147483647;
			files = (
			);
			runOnlyForDeploymentPostprocessing = 0;
		};
		8A3C61DE20C025510096BBA4 /* Frameworks */ = {
			isa = PBXFrameworksBuildPhase;
			buildActionMask = 2147483647;
			files = (
			);
			runOnlyForDeploymentPostprocessing = 0;
		};
/* End PBXFrameworksBuildPhase section */

/* Begin PBXGroup section */
		8A3C61B920C025500096BBA4 = {
			isa = PBXGroup;
			children = (
				8A3C61C420C025500096BBA4 /* CustomBackButtonExample */,
				8A3C61D920C025500096BBA4 /* CustomBackButtonExampleTests */,
				8A3C61E420C025510096BBA4 /* CustomBackButtonExampleUITests */,
				8A3C61C320C025500096BBA4 /* Products */,
			);
			sourceTree = "<group>";
		};
		8A3C61C320C025500096BBA4 /* Products */ = {
			isa = PBXGroup;
			children = (
				8A3C61C220C025500096BBA4 /* CustomBackButtonExample.app */,
				8A3C61D620C025500096BBA4 /* CustomBackButtonExampleTests.xctest */,
				8A3C61E120C025510096BBA4 /* CustomBackButtonExampleUITests.xctest */,
			);
			name = Products;
			sourceTree = "<group>";
		};
		8A3C61C420C025500096BBA4 /* CustomBackButtonExample */ = {
			isa = PBXGroup;
			children = (
				8A3C61C520C025500096BBA4 /* AppDelegate.swift */,
				8A3C61C720C025500096BBA4 /* ViewController.swift */,
				8A3C61C920C025500096BBA4 /* Main.storyboard */,
				8A3C61CC20C025500096BBA4 /* Assets.xcassets */,
				8A3C61CE20C025500096BBA4 /* LaunchScreen.storyboard */,
				8A3C61D120C025500096BBA4 /* Info.plist */,
			);
			path = CustomBackButtonExample;
			sourceTree = "<group>";
		};
		8A3C61D920C025500096BBA4 /* CustomBackButtonExampleTests */ = {
			isa = PBXGroup;
			children = (
				8A3C61DA20C025500096BBA4 /* CustomBackButtonExampleTests.swift */,
				8A3C61DC20C025500096BBA4 /* Info.plist */,
			);
			path = CustomBackButtonExampleTests;
			sourceTree = "<group>";
		};
		8A3C61E420C025510096BBA4 /* CustomBackButtonExampleUITests */ = {
			isa = PBXGroup;
			children = (
				8A3C61E520C025510096BBA4 /* CustomBackButtonExampleUITests.swift */,
				8A3C61E720C025510096BBA4 /* Info.plist */,
			);
			path = CustomBackButtonExampleUITests;
			sourceTree = "<group>";
		};
/* End PBXGroup section */

/* Begin PBXNativeTarget section */
		8A3C61C120C025500096BBA4 /* CustomBackButtonExample */ = {
			isa = PBXNativeTarget;
			buildConfigurationList = 8A3C61EA20C025510096BBA4 /* Build configuration list for PBXNativeTarget "CustomBackButtonExample" */;
			buildPhases = (
				8A3C61BE20C025500096BBA4 /* Sources */,
				8A3C61BF20C025500096BBA4 /* Frameworks */,
				8A3C61C020C025500096BBA4 /* Resources */,
			);
			buildRules = (
			);
			dependencies = (
			);
			name = CustomBackButtonExample;
			productName = CustomBackButtonExample;
			productReference = 8A3C61C220C025500096BBA4 /* CustomBackButtonExample.app */;
			productType = "com.apple.product-type.application";
		};
		8A3C61D520C025500096BBA4 /* CustomBackButtonExampleTests */ = {
			isa = PBXNativeTarget;
			buildConfigurationList = 8A3C61ED20C025510096BBA4 /* Build configuration list for PBXNativeTarget "CustomBackButtonExampleTests" */;
			buildPhases = (
				8A3C61D220C025500096BBA4 /* Sources */,
				8A3C61D320C025500096BBA4 /* Frameworks */,
				8A3C61D420C025500096BBA4 /* Resources */,
			);
			buildRules = (
			);
			dependencies = (
				8A3C61D820C025500096BBA4 /* PBXTargetDependency */,
			);
			name = CustomBackButtonExampleTests;
			productName = CustomBackButtonExampleTests;
			productReference = 8A3C61D620C025500096BBA4 /* CustomBackButtonExampleTests.xctest */;
			productType = "com.apple.product-type.bundle.unit-test";
		};
		8A3C61E020C025510096BBA4 /* CustomBackButtonExampleUITests */ = {
			isa = PBXNativeTarget;
			buildConfigurationList = 8A3C61F020C025510096BBA4 /* Build configuration list for PBXNativeTarget "CustomBackButtonExampleUITests" */;
			buildPhases = (
				8A3C61DD20C025510096BBA4 /* Sources */,
				8A3C61DE20C025510096BBA4 /* Frameworks */,
				8A3C61DF20C025510096BBA4 /* Resources */,
			);
			buildRules = (
			);
			dependencies = (
				8A3C61E320C025510096BBA4 /* PBXTargetDependency */,
			);
			name = CustomBackButtonExampleUITests;
			productName = CustomBackButtonExampleUITests;
			productReference = 8A3C61E120C025510096BBA4 /* CustomBackButtonExampleUITests.xctest */;
			productType = "com.apple.product-type.bundle.ui-testing";
		};
/* End PBXNativeTarget section */

/* Begin PBXProject section */
		8A3C61BA20C025500096BBA4 /* Project object */ = {
			isa = PBXProject;
			attributes = {
				LastSwiftUpdateCheck = 0910;
				LastUpgradeCheck = 0910;
				ORGANIZATIONNAME = "Sung Hyun";
				TargetAttributes = {
					8A3C61C120C025500096BBA4 = {
						CreatedOnToolsVersion = 9.1;
						ProvisioningStyle = Automatic;
					};
					8A3C61D520C025500096BBA4 = {
						CreatedOnToolsVersion = 9.1;
						ProvisioningStyle = Automatic;
						TestTargetID = 8A3C61C120C025500096BBA4;
					};
					8A3C61E020C025510096BBA4 = {
						CreatedOnToolsVersion = 9.1;
						ProvisioningStyle = Automatic;
						TestTargetID = 8A3C61C120C025500096BBA4;
					};
				};
			};
			buildConfigurationList = 8A3C61BD20C025500096BBA4 /* Build configuration list for PBXProject "CustomBackButtonExample" */;
			compatibilityVersion = "Xcode 8.0";
			developmentRegion = en;
			hasScannedForEncodings = 0;
			knownRegions = (
				en,
				Base,
			);
			mainGroup = 8A3C61B920C025500096BBA4;
			productRefGroup = 8A3C61C320C025500096BBA4 /* Products */;
			projectDirPath = "";
			projectRoot = "";
			targets = (
				8A3C61C120C025500096BBA4 /* CustomBackButtonExample */,
				8A3C61D520C025500096BBA4 /* CustomBackButtonExampleTests */,
				8A3C61E020C025510096BBA4 /* CustomBackButtonExampleUITests */,
			);
		};
/* End PBXProject section */

/* Begin PBXResourcesBuildPhase section */
		8A3C61C020C025500096BBA4 /* Resources */ = {
			isa = PBXResourcesBuildPhase;
			buildActionMask = 2147483647;
			files = (
				8A3C61D020C025500096BBA4 /* LaunchScreen.storyboard in Resources */,
				8A3C61CD20C025500096BBA4 /* Assets.xcassets in Resources */,
				8A3C61CB20C025500096BBA4 /* Main.storyboard in Resources */,
			);
			runOnlyForDeploymentPostprocessing = 0;
		};
		8A3C61D420C025500096BBA4 /* Resources */ = {
			isa = PBXResourcesBuildPhase;
			buildActionMask = 2147483647;
			files = (
			);
			runOnlyForDeploymentPostprocessing = 0;
		};
		8A3C61DF20C025510096BBA4 /* Resources */ = {
			isa = PBXResourcesBuildPhase;
			buildActionMask = 2147483647;
			files = (
			);
			runOnlyForDeploymentPostprocessing = 0;
		};
/* End PBXResourcesBuildPhase section */

/* Begin PBXSourcesBuildPhase section */
		8A3C61BE20C025500096BBA4 /* Sources */ = {
			isa = PBXSourcesBuildPhase;
			buildActionMask = 2147483647;
			files = (
				8A3C61C820C025500096BBA4 /* ViewController.swift in Sources */,
				8A3C61C620C025500096BBA4 /* AppDelegate.swift in Sources */,
			);
			runOnlyForDeploymentPostprocessing = 0;
		};
		8A3C61D220C025500096BBA4 /* Sources */ = {
			isa = PBXSourcesBuildPhase;
			buildActionMask = 2147483647;
			files = (
				8A3C61DB20C025500096BBA4 /* CustomBackButtonExampleTests.swift in Sources */,
			);
			runOnlyForDeploymentPostprocessing = 0;
		};
		8A3C61DD20C025510096BBA4 /* Sources */ = {
			isa = PBXSourcesBuildPhase;
			buildActionMask = 2147483647;
			files = (
				8A3C61E620C025510096BBA4 /* CustomBackButtonExampleUITests.swift in Sources */,
			);
			runOnlyForDeploymentPostprocessing = 0;
		};
/* End PBXSourcesBuildPhase section */

/* Begin PBXTargetDependency section */
		8A3C61D820C025500096BBA4 /* PBXTargetDependency */ = {
			isa = PBXTargetDependency;
			target = 8A3C61C120C025500096BBA4 /* CustomBackButtonExample */;
			targetProxy = 8A3C61D720C025500096BBA4 /* PBXContainerItemProxy */;
		};
		8A3C61E320C025510096BBA4 /* PBXTargetDependency */ = {
			isa = PBXTargetDependency;
			target = 8A3C61C120C025500096BBA4 /* CustomBackButtonExample */;
			targetProxy = 8A3C61E220C025510096BBA4 /* PBXContainerItemProxy */;
		};
/* End PBXTargetDependency section */

/* Begin PBXVariantGroup section */
		8A3C61C920C025500096BBA4 /* Main.storyboard */ = {
			isa = PBXVariantGroup;
			children = (
				8A3C61CA20C025500096BBA4 /* Base */,
			);
			name = Main.storyboard;
			sourceTree = "<group>";
		};
		8A3C61CE20C025500096BBA4 /* LaunchScreen.storyboard */ = {
			isa = PBXVariantGroup;
			children = (
				8A3C61CF20C025500096BBA4 /* Base */,
			);
			name = LaunchScreen.storyboard;
			sourceTree = "<group>";
		};
/* End PBXVariantGroup section */

/* Begin XCBuildConfiguration section */
		8A3C61E820C025510096BBA4 /* Debug */ = {
			isa = XCBuildConfiguration;
			buildSettings = {
				ALWAYS_SEARCH_USER_PATHS = NO;
				CLANG_ANALYZER_NONNULL = YES;
				CLANG_ANALYZER_NUMBER_OBJECT_CONVERSION = YES_AGGRESSIVE;
				CLANG_CXX_LANGUAGE_STANDARD = "gnu++14";
				CLANG_CXX_LIBRARY = "libc++";
				CLANG_ENABLE_MODULES = YES;
				CLANG_ENABLE_OBJC_ARC = YES;
				CLANG_WARN_BLOCK_CAPTURE_AUTORELEASING = YES;
				CLANG_WARN_BOOL_CONVERSION = YES;
				CLANG_WARN_COMMA = YES;
				CLANG_WARN_CONSTANT_CONVERSION = YES;
				CLANG_WARN_DIRECT_OBJC_ISA_USAGE = YES_ERROR;
				CLANG_WARN_DOCUMENTATION_COMMENTS = YES;
				CLANG_WARN_EMPTY_BODY = YES;
				CLANG_WARN_ENUM_CONVERSION = YES;
				CLANG_WARN_INFINITE_RECURSION = YES;
				CLANG_WARN_INT_CONVERSION = YES;
				CLANG_WARN_NON_LITERAL_NULL_CONVERSION = YES;
				CLANG_WARN_OBJC_LITERAL_CONVERSION = YES;
				CLANG_WARN_OBJC_ROOT_CLASS = YES_ERROR;
				CLANG_WARN_RANGE_LOOP_ANALYSIS = YES;
				CLANG_WARN_STRICT_PROTOTYPES = YES;
				CLANG_WARN_SUSPICIOUS_MOVE = YES;
				CLANG_WARN_UNGUARDED_AVAILABILITY = YES_AGGRESSIVE;
				CLANG_WARN_UNREACHABLE_CODE = YES;
				CLANG_WARN__DUPLICATE_METHOD_MATCH = YES;
				CODE_SIGN_IDENTITY = "iPhone Developer";
				COPY_PHASE_STRIP = NO;
				DEBUG_INFORMATION_FORMAT = dwarf;
				ENABLE_STRICT_OBJC_MSGSEND = YES;
				ENABLE_TESTABILITY = YES;
				GCC_C_LANGUAGE_STANDARD = gnu11;
				GCC_DYNAMIC_NO_PIC = NO;
				GCC_NO_COMMON_BLOCKS = YES;
				GCC_OPTIMIZATION_LEVEL = 0;
				GCC_PREPROCESSOR_DEFINITIONS = (
					"DEBUG=1",
					"$(inherited)",
				);
				GCC_WARN_64_TO_32_BIT_CONVERSION = YES;
				GCC_WARN_ABOUT_RETURN_TYPE = YES_ERROR;
				GCC_WARN_UNDECLARED_SELECTOR = YES;
				GCC_WARN_UNINITIALIZED_AUTOS = YES_AGGRESSIVE;
				GCC_WARN_UNUSED_FUNCTION = YES;
				GCC_WARN_UNUSED_VARIABLE = YES;
				IPHONEOS_DEPLOYMENT_TARGET = 11.1;
				MTL_ENABLE_DEBUG_INFO = YES;
				ONLY_ACTIVE_ARCH = YES;
				SDKROOT = iphoneos;
				SWIFT_ACTIVE_COMPILATION_CONDITIONS = DEBUG;
				SWIFT_OPTIMIZATION_LEVEL = "-Onone";
			};
			name = Debug;
		};
		8A3C61E920C025510096BBA4 /* Release */ = {
			isa = XCBuildConfiguration;
			buildSettings = {
				ALWAYS_SEARCH_USER_PATHS = NO;
				CLANG_ANALYZER_NONNULL = YES;
				CLANG_ANALYZER_NUMBER_OBJECT_CONVERSION = YES_AGGRESSIVE;
				CLANG_CXX_LANGUAGE_STANDARD = "gnu++14";
				CLANG_CXX_LIBRARY = "libc++";
				CLANG_ENABLE_MODULES = YES;
				CLANG_ENABLE_OBJC_ARC = YES;
				CLANG_WARN_BLOCK_CAPTURE_AUTORELEASING = YES;
				CLANG_WARN_BOOL_CONVERSION = YES;
				CLANG_WARN_COMMA = YES;
				CLANG_WARN_CONSTANT_CONVERSION = YES;
				CLANG_WARN_DIRECT_OBJC_ISA_USAGE = YES_ERROR;
				CLANG_WARN_DOCUMENTATION_COMMENTS = YES;
				CLANG_WARN_EMPTY_BODY = YES;
				CLANG_WARN_ENUM_CONVERSION = YES;
				CLANG_WARN_INFINITE_RECURSION = YES;
				CLANG_WARN_INT_CONVERSION = YES;
				CLANG_WARN_NON_LITERAL_NULL_CONVERSION = YES;
				CLANG_WARN_OBJC_LITERAL_CONVERSION = YES;
				CLANG_WARN_OBJC_ROOT_CLASS = YES_ERROR;
				CLANG_WARN_RANGE_LOOP_ANALYSIS = YES;
				CLANG_WARN_STRICT_PROTOTYPES = YES;
				CLANG_WARN_SUSPICIOUS_MOVE = YES;
				CLANG_WARN_UNGUARDED_AVAILABILITY = YES_AGGRESSIVE;
				CLANG_WARN_UNREACHABLE_CODE = YES;
				CLANG_WARN__DUPLICATE_METHOD_MATCH = YES;
				CODE_SIGN_IDENTITY = "iPhone Developer";
				COPY_PHASE_STRIP = NO;
				DEBUG_INFORMATION_FORMAT = "dwarf-with-dsym";
				ENABLE_NS_ASSERTIONS = NO;
				ENABLE_STRICT_OBJC_MSGSEND = YES;
				GCC_C_LANGUAGE_STANDARD = gnu11;
				GCC_NO_COMMON_BLOCKS = YES;
				GCC_WARN_64_TO_32_BIT_CONVERSION = YES;
				GCC_WARN_ABOUT_RETURN_TYPE = YES_ERROR;
				GCC_WARN_UNDECLARED_SELECTOR = YES;
				GCC_WARN_UNINITIALIZED_AUTOS = YES_AGGRESSIVE;
				GCC_WARN_UNUSED_FUNCTION = YES;
				GCC_WARN_UNUSED_VARIABLE = YES;
				IPHONEOS_DEPLOYMENT_TARGET = 11.1;
				MTL_ENABLE_DEBUG_INFO = NO;
				SDKROOT = iphoneos;
				SWIFT_OPTIMIZATION_LEVEL = "-Owholemodule";
				VALIDATE_PRODUCT = YES;
			};
			name = Release;
		};
		8A3C61EB20C025510096BBA4 /* Debug */ = {
			isa = XCBuildConfiguration;
			buildSettings = {
				ASSETCATALOG_COMPILER_APPICON_NAME = AppIcon;
				CODE_SIGN_STYLE = Automatic;
				DEVELOPMENT_TEAM = ZFQ4LB2HKZ;
				INFOPLIST_FILE = CustomBackButtonExample/Info.plist;
				LD_RUNPATH_SEARCH_PATHS = "$(inherited) @executable_path/Frameworks";
				PRODUCT_BUNDLE_IDENTIFIER = com.Sung9.CustomBackButtonExample;
				PRODUCT_NAME = "$(TARGET_NAME)";
				SWIFT_VERSION = 4.0;
				TARGETED_DEVICE_FAMILY = "1,2";
			};
			name = Debug;
		};
		8A3C61EC20C025510096BBA4 /* Release */ = {
			isa = XCBuildConfiguration;
			buildSettings = {
				ASSETCATALOG_COMPILER_APPICON_NAME = AppIcon;
				CODE_SIGN_STYLE = Automatic;
				DEVELOPMENT_TEAM = ZFQ4LB2HKZ;
				INFOPLIST_FILE = CustomBackButtonExample/Info.plist;
				LD_RUNPATH_SEARCH_PATHS = "$(inherited) @executable_path/Frameworks";
				PRODUCT_BUNDLE_IDENTIFIER = com.Sung9.CustomBackButtonExample;
				PRODUCT_NAME = "$(TARGET_NAME)";
				SWIFT_VERSION = 4.0;
				TARGETED_DEVICE_FAMILY = "1,2";
			};
			name = Release;
		};
		8A3C61EE20C025510096BBA4 /* Debug */ = {
			isa = XCBuildConfiguration;
			buildSettings = {
				ALWAYS_EMBED_SWIFT_STANDARD_LIBRARIES = YES;
				BUNDLE_LOADER = "$(TEST_HOST)";
				CODE_SIGN_STYLE = Automatic;
				DEVELOPMENT_TEAM = ZFQ4LB2HKZ;
				INFOPLIST_FILE = CustomBackButtonExampleTests/Info.plist;
				LD_RUNPATH_SEARCH_PATHS = "$(inherited) @executable_path/Frameworks @loader_path/Frameworks";
				PRODUCT_BUNDLE_IDENTIFIER = com.Sung9.CustomBackButtonExampleTests;
				PRODUCT_NAME = "$(TARGET_NAME)";
				SWIFT_VERSION = 4.0;
				TARGETED_DEVICE_FAMILY = "1,2";
				TEST_HOST = "$(BUILT_PRODUCTS_DIR)/CustomBackButtonExample.app/CustomBackButtonExample";
			};
			name = Debug;
		};
		8A3C61EF20C025510096BBA4 /* Release */ = {
			isa = XCBuildConfiguration;
			buildSettings = {
				ALWAYS_EMBED_SWIFT_STANDARD_LIBRARIES = YES;
				BUNDLE_LOADER = "$(TEST_HOST)";
				CODE_SIGN_STYLE = Automatic;
				DEVELOPMENT_TEAM = ZFQ4LB2HKZ;
				INFOPLIST_FILE = CustomBackButtonExampleTests/Info.plist;
				LD_RUNPATH_SEARCH_PATHS = "$(inherited) @executable_path/Frameworks @loader_path/Frameworks";
				PRODUCT_BUNDLE_IDENTIFIER = com.Sung9.CustomBackButtonExampleTests;
				PRODUCT_NAME = "$(TARGET_NAME)";
				SWIFT_VERSION = 4.0;
				TARGETED_DEVICE_FAMILY = "1,2";
				TEST_HOST = "$(BUILT_PRODUCTS_DIR)/CustomBackButtonExample.app/CustomBackButtonExample";
			};
			name = Release;
		};
		8A3C61F120C025510096BBA4 /* Debug */ = {
			isa = XCBuildConfiguration;
			buildSettings = {
				ALWAYS_EMBED_SWIFT_STANDARD_LIBRARIES = YES;
				CODE_SIGN_STYLE = Automatic;
				DEVELOPMENT_TEAM = ZFQ4LB2HKZ;
				INFOPLIST_FILE = CustomBackButtonExampleUITests/Info.plist;
				LD_RUNPATH_SEARCH_PATHS = "$(inherited) @executable_path/Frameworks @loader_path/Frameworks";
				PRODUCT_BUNDLE_IDENTIFIER = com.Sung9.CustomBackButtonExampleUITests;
				PRODUCT_NAME = "$(TARGET_NAME)";
				SWIFT_VERSION = 4.0;
				TARGETED_DEVICE_FAMILY = "1,2";
				TEST_TARGET_NAME = CustomBackButtonExample;
			};
			name = Debug;
		};
		8A3C61F220C025510096BBA4 /* Release */ = {
			isa = XCBuildConfiguration;
			buildSettings = {
				ALWAYS_EMBED_SWIFT_STANDARD_LIBRARIES = YES;
				CODE_SIGN_STYLE = Automatic;
				DEVELOPMENT_TEAM = ZFQ4LB2HKZ;
				INFOPLIST_FILE = CustomBackButtonExampleUITests/Info.plist;
				LD_RUNPATH_SEARCH_PATHS = "$(inherited) @executable_path/Frameworks @loader_path/Frameworks";
				PRODUCT_BUNDLE_IDENTIFIER = com.Sung9.CustomBackButtonExampleUITests;
				PRODUCT_NAME = "$(TARGET_NAME)";
				SWIFT_VERSION = 4.0;
				TARGETED_DEVICE_FAMILY = "1,2";
				TEST_TARGET_NAME = CustomBackButtonExample;
			};
			name = Release;
		};
/* End XCBuildConfiguration section */

/* Begin XCConfigurationList section */
		8A3C61BD20C025500096BBA4 /* Build configuration list for PBXProject "CustomBackButtonExample" */ = {
			isa = XCConfigurationList;
			buildConfigurations = (
				8A3C61E820C025510096BBA4 /* Debug */,
				8A3C61E920C025510096BBA4 /* Release */,
			);
			defaultConfigurationIsVisible = 0;
			defaultConfigurationName = Release;
		};
		8A3C61EA20C025510096BBA4 /* Build configuration list for PBXNativeTarget "CustomBackButtonExample" */ = {
			isa = XCConfigurationList;
			buildConfigurations = (
				8A3C61EB20C025510096BBA4 /* Debug */,
				8A3C61EC20C025510096BBA4 /* Release */,
			);
			defaultConfigurationIsVisible = 0;
			defaultConfigurationName = Release;
		};
		8A3C61ED20C025510096BBA4 /* Build configuration list for PBXNativeTarget "CustomBackButtonExampleTests" */ = {
			isa = XCConfigurationList;
			buildConfigurations = (
				8A3C61EE20C025510096BBA4 /* Debug */,
				8A3C61EF20C025510096BBA4 /* Release */,
			);
			defaultConfigurationIsVisible = 0;
			defaultConfigurationName = Release;
		};
		8A3C61F020C025510096BBA4 /* Build configuration list for PBXNativeTarget "CustomBackButtonExampleUITests" */ = {
			isa = XCConfigurationList;
			buildConfigurations = (
				8A3C61F120C025510096BBA4 /* Debug */,
				8A3C61F220C025510096BBA4 /* Release */,
			);
			defaultConfigurationIsVisible = 0;
			defaultConfigurationName = Release;
		};
/* End XCConfigurationList section */
	};
	rootObject = 8A3C61BA20C025500096BBA4 /* Project object */;
}
